
Microsoft Visual Studio Solution File, Format Version 11.00
# Visual Studio 2010
Project("{FAE04EC0-301F-11D3-BF4B-00C04F79EFBC}") = "Browser", "Browser.csproj", "{53B69F91-5E23-4EC6-9230-DD2DB4D4E14E}"
EndProject
Global
	GlobalSection(SolutionConfigurationPlatforms) = preSolution
		Debug|Any CPU = Debug|Any CPU
		Release|Any CPU = Release|Any CPU
	EndGlobalSection
	GlobalSection(ProjectConfigurationPlatforms) = postSolution
		{53B69F91-5E23-4EC6-9230-DD2DB4D4E14E}.Debug|Any CPU.ActiveCfg = Debug|Any CPU
		{53B69F91-5E23-4EC6-9230-DD2DB4D4E14E}.Debug|Any CPU.Build.0 = Debug|Any CPU
		{53B69F91-5E23-4EC6-9230-DD2DB4D4E14E}.Release|Any CPU.ActiveCfg = Release|Any CPU
		{53B69F91-5E23-4EC6-9230-DD2DB4D4E14E}.Release|Any CPU.Build.0 = Release|Any CPU
	EndGlobalSection
	GlobalSection(SolutionProperties) = preSolution
		HideSolutionNode = FALSE
	EndGlobalSection
EndGlobal
